
Microsoft Visual Studio Solution File, Format Version 12.00
# Visual Studio Version 17
VisualStudioVersion = 17.0.31919.166
MinimumVisualStudioVersion = 10.0.40219.1
Project("{FAE04EC0-301F-11D3-BF4B-00C04F79EFBC}") = "Test_Lab_System", "Test_Lab_System.csproj", "{B7909B16-EC82-463C-969D-92583CC1F92E}"
EndProject
Project("{FAE04EC0-301F-11D3-BF4B-00C04F79EFBC}") = "Logistics_Finance_Results", "C:\Users\com\Downloads\WindowsFormsApp2 (3)\WindowsFormsApp2\Logistics_Finance_Results.csproj", "{5DCE005A-973A-493C-B577-EC7E0F6EB278}"
EndProject
Project("{FAE04EC0-301F-11D3-BF4B-00C04F79EFBC}") = "Add_Patient", "..\..\Clinical Informatics\WindowsFormsApp3\Add_Patient.csproj", "{0F31D5B2-4E54-4BE5-9764-DB642ED67239}"
EndProject
Project("{FAE04EC0-301F-11D3-BF4B-00C04F79EFBC}") = "Add_Appointment", "..\..\Clinical Informatics\appointment\Add_Appointment.csproj", "{2798F9A4-4F28-4E1C-A433-F2D3A3D14D38}"
EndProject
Project("{FAE04EC0-301F-11D3-BF4B-00C04F79EFBC}") = "Sign in", "C:\Users\com\Downloads\Sign in\Sign in\Sign in.csproj", "{0A8F0826-B309-40AD-8922-F6E2A36CBA1F}"
EndProject
Project("{FAE04EC0-301F-11D3-BF4B-00C04F79EFBC}") = "Sign up", "C:\Users\com\Downloads\Sign up\Sign up\Sign up.csproj", "{C8DAD45E-EBB9-44B6-AFD1-3241DEC3C048}"
EndProject
Project("{FAE04EC0-301F-11D3-BF4B-00C04F79EFBC}") = "Admin_view", "C:\Users\com\Downloads\ADmin view\ADmin view\Admin_view.csproj", "{AFD6CCA6-84DF-49AC-8FF5-DFC316EAE5CC}"
EndProject
Project("{FAE04EC0-301F-11D3-BF4B-00C04F79EFBC}") = "Add", "C:\Users\com\Downloads\Add patient\Add patient\Add.csproj", "{60A25669-C07B-4251-9137-189CABAF30D4}"
EndProject
Project("{FAE04EC0-301F-11D3-BF4B-00C04F79EFBC}") = "Logistics_Machines", "C:\Users\com\Downloads\screens\screens\s2\Logistics_Machines.csproj", "{A660B79E-7B57-4249-A980-FF7D630F2B02}"
EndProject
Project("{FAE04EC0-301F-11D3-BF4B-00C04F79EFBC}") = "s3", "C:\Users\com\Downloads\screens\screens\s3\s3.csproj", "{AD6E4BFA-D3EF-4E45-A2AA-BC1CC382424D}"
EndProject
Global
	GlobalSection(SolutionConfigurationPlatforms) = preSolution
		Debug|Any CPU = Debug|Any CPU
		Release|Any CPU = Release|Any CPU
	EndGlobalSection
	GlobalSection(ProjectConfigurationPlatforms) = postSolution
		{B7909B16-EC82-463C-969D-92583CC1F92E}.Debug|Any CPU.ActiveCfg = Debug|Any CPU
		{B7909B16-EC82-463C-969D-92583CC1F92E}.Debug|Any CPU.Build.0 = Debug|Any CPU
		{B7909B16-EC82-463C-969D-92583CC1F92E}.Release|Any CPU.ActiveCfg = Release|Any CPU
		{B7909B16-EC82-463C-969D-92583CC1F92E}.Release|Any CPU.Build.0 = Release|Any CPU
		{5DCE005A-973A-493C-B577-EC7E0F6EB278}.Debug|Any CPU.ActiveCfg = Debug|Any CPU
		{5DCE005A-973A-493C-B577-EC7E0F6EB278}.Debug|Any CPU.Build.0 = Debug|Any CPU
		{5DCE005A-973A-493C-B577-EC7E0F6EB278}.Release|Any CPU.ActiveCfg = Release|Any CPU
		{5DCE005A-973A-493C-B577-EC7E0F6EB278}.Release|Any CPU.Build.0 = Release|Any CPU
		{0F31D5B2-4E54-4BE5-9764-DB642ED67239}.Debug|Any CPU.ActiveCfg = Debug|Any CPU
		{0F31D5B2-4E54-4BE5-9764-DB642ED67239}.Debug|Any CPU.Build.0 = Debug|Any CPU
		{0F31D5B2-4E54-4BE5-9764-DB642ED67239}.Release|Any CPU.ActiveCfg = Release|Any CPU
		{0F31D5B2-4E54-4BE5-9764-DB642ED67239}.Release|Any CPU.Build.0 = Release|Any CPU
		{2798F9A4-4F28-4E1C-A433-F2D3A3D14D38}.Debug|Any CPU.ActiveCfg = Debug|Any CPU
		{2798F9A4-4F28-4E1C-A433-F2D3A3D14D38}.Debug|Any CPU.Build.0 = Debug|Any CPU
		{2798F9A4-4F28-4E1C-A433-F2D3A3D14D38}.Release|Any CPU.ActiveCfg = Release|Any CPU
		{2798F9A4-4F28-4E1C-A433-F2D3A3D14D38}.Release|Any CPU.Build.0 = Release|Any CPU
		{0A8F0826-B309-40AD-8922-F6E2A36CBA1F}.Debug|Any CPU.ActiveCfg = Debug|Any CPU
		{0A8F0826-B309-40AD-8922-F6E2A36CBA1F}.Debug|Any CPU.Build.0 = Debug|Any CPU
		{0A8F0826-B309-40AD-8922-F6E2A36CBA1F}.Release|Any CPU.ActiveCfg = Release|Any CPU
		{0A8F0826-B309-40AD-8922-F6E2A36CBA1F}.Release|Any CPU.Build.0 = Release|Any CPU
		{C8DAD45E-EBB9-44B6-AFD1-3241DEC3C048}.Debug|Any CPU.ActiveCfg = Debug|Any CPU
		{C8DAD45E-EBB9-44B6-AFD1-3241DEC3C048}.Debug|Any CPU.Build.0 = Debug|Any CPU
		{C8DAD45E-EBB9-44B6-AFD1-3241DEC3C048}.Release|Any CPU.ActiveCfg = Release|Any CPU
		{C8DAD45E-EBB9-44B6-AFD1-3241DEC3C048}.Release|Any CPU.Build.0 = Release|Any CPU
		{AFD6CCA6-84DF-49AC-8FF5-DFC316EAE5CC}.Debug|Any CPU.ActiveCfg = Debug|Any CPU
		{AFD6CCA6-84DF-49AC-8FF5-DFC316EAE5CC}.Debug|Any CPU.Build.0 = Debug|Any CPU
		{AFD6CCA6-84DF-49AC-8FF5-DFC316EAE5CC}.Release|Any CPU.ActiveCfg = Release|Any CPU
		{AFD6CCA6-84DF-49AC-8FF5-DFC316EAE5CC}.Release|Any CPU.Build.0 = Release|Any CPU
		{60A25669-C07B-4251-9137-189CABAF30D4}.Debug|Any CPU.ActiveCfg = Debug|Any CPU
		{60A25669-C07B-4251-9137-189CABAF30D4}.Debug|Any CPU.Build.0 = Debug|Any CPU
		{60A25669-C07B-4251-9137-189CABAF30D4}.Release|Any CPU.ActiveCfg = Release|Any CPU
		{60A25669-C07B-4251-9137-189CABAF30D4}.Release|Any CPU.Build.0 = Release|Any CPU
		{A660B79E-7B57-4249-A980-FF7D630F2B02}.Debug|Any CPU.ActiveCfg = Debug|Any CPU
		{A660B79E-7B57-4249-A980-FF7D630F2B02}.Debug|Any CPU.Build.0 = Debug|Any CPU
		{A660B79E-7B57-4249-A980-FF7D630F2B02}.Release|Any CPU.ActiveCfg = Release|Any CPU
		{A660B79E-7B57-4249-A980-FF7D630F2B02}.Release|Any CPU.Build.0 = Release|Any CPU
		{AD6E4BFA-D3EF-4E45-A2AA-BC1CC382424D}.Debug|Any CPU.ActiveCfg = Debug|Any CPU
		{AD6E4BFA-D3EF-4E45-A2AA-BC1CC382424D}.Debug|Any CPU.Build.0 = Debug|Any CPU
		{AD6E4BFA-D3EF-4E45-A2AA-BC1CC382424D}.Release|Any CPU.ActiveCfg = Release|Any CPU
		{AD6E4BFA-D3EF-4E45-A2AA-BC1CC382424D}.Release|Any CPU.Build.0 = Release|Any CPU
	EndGlobalSection
	GlobalSection(SolutionProperties) = preSolution
		HideSolutionNode = FALSE
	EndGlobalSection
	GlobalSection(ExtensibilityGlobals) = postSolution
		SolutionGuid = {D5074823-14B6-4A77-B3CC-D69F7199BC27}
	EndGlobalSection
EndGlobal
